
Microsoft Visual Studio Solution File, Format Version 12.00
# Visual Studio Version 16
VisualStudioVersion = 16.0.32510.428
MinimumVisualStudioVersion = 10.0.40219.1
Project("{FAE04EC0-301F-11D3-BF4B-00C04F79EFBC}") = "Project1", "Project1\Project1.csproj", "{54B7255C-A4D6-4972-8047-4F4845EF4AD8}"
EndProject
Global
	GlobalSection(SolutionConfigurationPlatforms) = preSolution
		Debug|Any CPU = Debug|Any CPU
		Release|Any CPU = Release|Any CPU
	EndGlobalSection
	GlobalSection(ProjectConfigurationPlatforms) = postSolution
		{54B7255C-A4D6-4972-8047-4F4845EF4AD8}.Debug|Any CPU.ActiveCfg = Debug|Any CPU
		{54B7255C-A4D6-4972-8047-4F4845EF4AD8}.Debug|Any CPU.Build.0 = Debug|Any CPU
		{54B7255C-A4D6-4972-8047-4F4845EF4AD8}.Release|Any CPU.ActiveCfg = Release|Any CPU
		{54B7255C-A4D6-4972-8047-4F4845EF4AD8}.Release|Any CPU.Build.0 = Release|Any CPU
	EndGlobalSection
	GlobalSection(SolutionProperties) = preSolution
		HideSolutionNode = FALSE
	EndGlobalSection
	GlobalSection(ExtensibilityGlobals) = postSolution
		SolutionGuid = {2F030E92-93AA-48FF-A122-DCE53A15E915}
	EndGlobalSection
EndGlobal
